
Microsoft Visual Studio Solution File, Format Version 12.00
# Visual Studio Version 16
VisualStudioVersion = 16.0.32126.315
MinimumVisualStudioVersion = 10.0.40219.1
Project("{FAE04EC0-301F-11D3-BF4B-00C04F79EFBC}") = "MyExcelReader", "MyExcelReader\MyExcelReader.csproj", "{158883B3-E7EC-4B3B-9948-DBCAF9635041}"
EndProject
Global
	GlobalSection(SolutionConfigurationPlatforms) = preSolution
		Debug|Any CPU = Debug|Any CPU
		Release|Any CPU = Release|Any CPU
	EndGlobalSection
	GlobalSection(ProjectConfigurationPlatforms) = postSolution
		{158883B3-E7EC-4B3B-9948-DBCAF9635041}.Debug|Any CPU.ActiveCfg = Debug|Any CPU
		{158883B3-E7EC-4B3B-9948-DBCAF9635041}.Debug|Any CPU.Build.0 = Debug|Any CPU
		{158883B3-E7EC-4B3B-9948-DBCAF9635041}.Release|Any CPU.ActiveCfg = Release|Any CPU
		{158883B3-E7EC-4B3B-9948-DBCAF9635041}.Release|Any CPU.Build.0 = Release|Any CPU
	EndGlobalSection
	GlobalSection(SolutionProperties) = preSolution
		HideSolutionNode = FALSE
	EndGlobalSection
	GlobalSection(ExtensibilityGlobals) = postSolution
		SolutionGuid = {8307D5C5-D1FD-4251-AF64-C821943BCE65}
	EndGlobalSection
EndGlobal
